// !$*UTF8*$!
{
	archiveVersion = 1;
	classes = {
	};
	objectVersion = 46;
	objects = {

/* Begin PBXBuildFile section */
		B289902917C8A0E000394537 /* city_state.png in Resources */ = {isa = PBXBuildFile; fileRef = B289902817C8A0E000394537 /* city_state.png */; };
		B289902E17C8C11F00394537 /* BreweryDetailsViewController.m in Sources */ = {isa = PBXBuildFile; fileRef = B289902D17C8C11F00394537 /* BreweryDetailsViewController.m */; };
		B289903117C8EFB300394537 /* BeerDetailViewController.m in Sources */ = {isa = PBXBuildFile; fileRef = B289903017C8EFB300394537 /* BeerDetailViewController.m */; };
		B29D2FA117C8641700DC26A5 /* LandingViewController.m in Sources */ = {isa = PBXBuildFile; fileRef = B29D2FA017C8641700DC26A5 /* LandingViewController.m */; };
		B29D2FA517C8644200DC26A5 /* logo_small-1.png in Resources */ = {isa = PBXBuildFile; fileRef = B29D2FA317C8644200DC26A5 /* logo_small-1.png */; };
		B29D2FA717C8659100DC26A5 /* search_button.png in Resources */ = {isa = PBXBuildFile; fileRef = B29D2FA617C8659100DC26A5 /* search_button.png */; };
		B29D2FAA17C878B600DC26A5 /* city.png in Resources */ = {isa = PBXBuildFile; fileRef = B29D2FA817C878B600DC26A5 /* city.png */; };
		B29D2FAB17C878B600DC26A5 /* state.png in Resources */ = {isa = PBXBuildFile; fileRef = B29D2FA917C878B600DC26A5 /* state.png */; };
		B29D2FAD17C8791500DC26A5 /* use_current_location_button-1.png in Resources */ = {isa = PBXBuildFile; fileRef = B29D2FAC17C8791500DC26A5 /* use_current_location_button-1.png */; };
		B29D2FAF17C87A7000DC26A5 /* instructions.png in Resources */ = {isa = PBXBuildFile; fileRef = B29D2FAE17C87A7000DC26A5 /* instructions.png */; };
		B29D2FB117C87ADC00DC26A5 /* instructions-1.png in Resources */ = {isa = PBXBuildFile; fileRef = B29D2FB017C87ADC00DC26A5 /* instructions-1.png */; };
		B29D2FB317C87BB600DC26A5 /* instructions-2.png in Resources */ = {isa = PBXBuildFile; fileRef = B29D2FB217C87BB600DC26A5 /* instructions-2.png */; };
		B2AE642117C83EE40044D65F /* UIKit.framework in Frameworks */ = {isa = PBXBuildFile; fileRef = B2AE642017C83EE40044D65F /* UIKit.framework */; };
		B2AE642317C83EE40044D65F /* Foundation.framework in Frameworks */ = {isa = PBXBuildFile; fileRef = B2AE642217C83EE40044D65F /* Foundation.framework */; };
		B2AE642517C83EE40044D65F /* CoreGraphics.framework in Frameworks */ = {isa = PBXBuildFile; fileRef = B2AE642417C83EE40044D65F /* CoreGraphics.framework */; };
		B2AE642B17C83EE40044D65F /* InfoPlist.strings in Resources */ = {isa = PBXBuildFile; fileRef = B2AE642917C83EE40044D65F /* InfoPlist.strings */; };
		B2AE642D17C83EE40044D65F /* main.m in Sources */ = {isa = PBXBuildFile; fileRef = B2AE642C17C83EE40044D65F /* main.m */; };
		B2AE643117C83EE40044D65F /* AppDelegate.m in Sources */ = {isa = PBXBuildFile; fileRef = B2AE643017C83EE40044D65F /* AppDelegate.m */; };
		B2AE643317C83EE40044D65F /* Default.png in Resources */ = {isa = PBXBuildFile; fileRef = B2AE643217C83EE40044D65F /* Default.png */; };
		B2AE643517C83EE40044D65F /* Default@2x.png in Resources */ = {isa = PBXBuildFile; fileRef = B2AE643417C83EE40044D65F /* Default@2x.png */; };
		B2AE643717C83EE40044D65F /* Default-568h@2x.png in Resources */ = {isa = PBXBuildFile; fileRef = B2AE643617C83EE40044D65F /* Default-568h@2x.png */; };
		B2AE643A17C83EE40044D65F /* MainStoryboard.storyboard in Resources */ = {isa = PBXBuildFile; fileRef = B2AE643817C83EE40044D65F /* MainStoryboard.storyboard */; };
		B2AE643D17C83EE40044D65F /* MasterViewController.m in Sources */ = {isa = PBXBuildFile; fileRef = B2AE643C17C83EE40044D65F /* MasterViewController.m */; };
		B2AE644017C83EE40044D65F /* DetailViewController.m in Sources */ = {isa = PBXBuildFile; fileRef = B2AE643F17C83EE40044D65F /* DetailViewController.m */; };
		B2AE644817C83EE40044D65F /* SenTestingKit.framework in Frameworks */ = {isa = PBXBuildFile; fileRef = B2AE644717C83EE40044D65F /* SenTestingKit.framework */; };
		B2AE644917C83EE40044D65F /* UIKit.framework in Frameworks */ = {isa = PBXBuildFile; fileRef = B2AE642017C83EE40044D65F /* UIKit.framework */; };
		B2AE644A17C83EE40044D65F /* Foundation.framework in Frameworks */ = {isa = PBXBuildFile; fileRef = B2AE642217C83EE40044D65F /* Foundation.framework */; };
		B2AE645217C83EE40044D65F /* InfoPlist.strings in Resources */ = {isa = PBXBuildFile; fileRef = B2AE645017C83EE40044D65F /* InfoPlist.strings */; };
		B2AE645517C83EE40044D65F /* Beer_ioTests.m in Sources */ = {isa = PBXBuildFile; fileRef = B2AE645417C83EE40044D65F /* Beer_ioTests.m */; };
		B2AE645F17C845300044D65F /* GoogleMaps.framework in Frameworks */ = {isa = PBXBuildFile; fileRef = B2AE645E17C845300044D65F /* GoogleMaps.framework */; };
		B2AE646117C845650044D65F /* GoogleMaps.bundle in Resources */ = {isa = PBXBuildFile; fileRef = B2AE646017C845650044D65F /* GoogleMaps.bundle */; };
		B2AE646D17C845F30044D65F /* AVFoundation.framework in Frameworks */ = {isa = PBXBuildFile; fileRef = B2AE646217C845F30044D65F /* AVFoundation.framework */; };
		B2AE646E17C845F30044D65F /* CoreData.framework in Frameworks */ = {isa = PBXBuildFile; fileRef = B2AE646317C845F30044D65F /* CoreData.framework */; };
		B2AE646F17C845F30044D65F /* CoreText.framework in Frameworks */ = {isa = PBXBuildFile; fileRef = B2AE646417C845F30044D65F /* CoreText.framework */; };
		B2AE647017C845F30044D65F /* GLKit.framework in Frameworks */ = {isa = PBXBuildFile; fileRef = B2AE646517C845F30044D65F /* GLKit.framework */; };
		B2AE647117C845F30044D65F /* ImageIO.framework in Frameworks */ = {isa = PBXBuildFile; fileRef = B2AE646617C845F30044D65F /* ImageIO.framework */; };
		B2AE647217C845F30044D65F /* libc++.dylib in Frameworks */ = {isa = PBXBuildFile; fileRef = B2AE646717C845F30044D65F /* libc++.dylib */; };
		B2AE647317C845F30044D65F /* libicucore.dylib in Frameworks */ = {isa = PBXBuildFile; fileRef = B2AE646817C845F30044D65F /* libicucore.dylib */; };
		B2AE647417C845F30044D65F /* libz.dylib in Frameworks */ = {isa = PBXBuildFile; fileRef = B2AE646917C845F30044D65F /* libz.dylib */; };
		B2AE647517C845F30044D65F /* OpenGLES.framework in Frameworks */ = {isa = PBXBuildFile; fileRef = B2AE646A17C845F30044D65F /* OpenGLES.framework */; };
		B2AE647617C845F30044D65F /* QuartzCore.framework in Frameworks */ = {isa = PBXBuildFile; fileRef = B2AE646B17C845F30044D65F /* QuartzCore.framework */; };
		B2AE647717C845F30044D65F /* SystemConfiguration.framework in Frameworks */ = {isa = PBXBuildFile; fileRef = B2AE646C17C845F30044D65F /* SystemConfiguration.framework */; };
		F7BCE09517C840ED00368C30 /* berr.io_logo_reg.png in Resources */ = {isa = PBXBuildFile; fileRef = F7BCE09417C840ED00368C30 /* berr.io_logo_reg.png */; };
		F7BCE09817C8412300368C30 /* berr.io_logo_retina.png in Resources */ = {isa = PBXBuildFile; fileRef = F7BCE09717C8412300368C30 /* berr.io_logo_retina.png */; };
		F7DF075717C84A6500E2B8BF /* Default-Portrait~ipad.png in Resources */ = {isa = PBXBuildFile; fileRef = F7DF075617C84A6500E2B8BF /* Default-Portrait~ipad.png */; };
		F7DF075917C84C5D00E2B8BF /* Default-Portrait@2x~ipad.png in Resources */ = {isa = PBXBuildFile; fileRef = F7DF075817C84C5D00E2B8BF /* Default-Portrait@2x~ipad.png */; };
		F7DF075B17C84C6300E2B8BF /* Default-Landscape~ipad.png in Resources */ = {isa = PBXBuildFile; fileRef = F7DF075A17C84C6300E2B8BF /* Default-Landscape~ipad.png */; };
		F7DF075D17C84C6500E2B8BF /* Default-Landscape@2x~ipad.png in Resources */ = {isa = PBXBuildFile; fileRef = F7DF075C17C84C6500E2B8BF /* Default-Landscape@2x~ipad.png */; };
		F7DF075F17C84DAB00E2B8BF /* CoreLocation.framework in Frameworks */ = {isa = PBXBuildFile; fileRef = F7DF075E17C84DAB00E2B8BF /* CoreLocation.framework */; };
		F7DF076817C8ADD400E2B8BF /* marker.png in Resources */ = {isa = PBXBuildFile; fileRef = F7DF076717C8ADD400E2B8BF /* marker.png */; };
		F7DF076E17C8C76800E2B8BF /* backgroung.png in Resources */ = {isa = PBXBuildFile; fileRef = F7DF076D17C8C76800E2B8BF /* backgroung.png */; };
		FF38723E17C85BA700D95498 /* brewerydbconnect.m in Sources */ = {isa = PBXBuildFile; fileRef = FF38723D17C85BA700D95498 /* brewerydbconnect.m */; };
/* End PBXBuildFile section */

/* Begin PBXContainerItemProxy section */
		B2AE644B17C83EE40044D65F /* PBXContainerItemProxy */ = {
			isa = PBXContainerItemProxy;
			containerPortal = B2AE641517C83EE40044D65F /* Project object */;
			proxyType = 1;
			remoteGlobalIDString = B2AE641C17C83EE40044D65F;
			remoteInfo = Beer.io;
		};
/* End PBXContainerItemProxy section */

/* Begin PBXFileReference section */
		B289902817C8A0E000394537 /* city_state.png */ = {isa = PBXFileReference; lastKnownFileType = image.png; path = city_state.png; sourceTree = "<group>"; };
		B289902C17C8C11F00394537 /* BreweryDetailsViewController.h */ = {isa = PBXFileReference; fileEncoding = 4; lastKnownFileType = sourcecode.c.h; name = BreweryDetailsViewController.h; path = ../BreweryDetailsViewController.h; sourceTree = "<group>"; };
		B289902D17C8C11F00394537 /* BreweryDetailsViewController.m */ = {isa = PBXFileReference; fileEncoding = 4; lastKnownFileType = sourcecode.c.objc; name = BreweryDetailsViewController.m; path = ../BreweryDetailsViewController.m; sourceTree = "<group>"; };
		B289902F17C8EFB300394537 /* BeerDetailViewController.h */ = {isa = PBXFileReference; fileEncoding = 4; lastKnownFileType = sourcecode.c.h; path = BeerDetailViewController.h; sourceTree = "<group>"; };
		B289903017C8EFB300394537 /* BeerDetailViewController.m */ = {isa = PBXFileReference; fileEncoding = 4; lastKnownFileType = sourcecode.c.objc; path = BeerDetailViewController.m; sourceTree = "<group>"; };
		B29D2F9F17C8641700DC26A5 /* LandingViewController.h */ = {isa = PBXFileReference; fileEncoding = 4; lastKnownFileType = sourcecode.c.h; path = LandingViewController.h; sourceTree = "<group>"; };
		B29D2FA017C8641700DC26A5 /* LandingViewController.m */ = {isa = PBXFileReference; fileEncoding = 4; lastKnownFileType = sourcecode.c.objc; path = LandingViewController.m; sourceTree = "<group>"; };
		B29D2FA317C8644200DC26A5 /* logo_small-1.png */ = {isa = PBXFileReference; lastKnownFileType = image.png; path = "logo_small-1.png"; sourceTree = "<group>"; };
		B29D2FA617C8659100DC26A5 /* search_button.png */ = {isa = PBXFileReference; lastKnownFileType = image.png; path = search_button.png; sourceTree = "<group>"; };
		B29D2FA817C878B600DC26A5 /* city.png */ = {isa = PBXFileReference; lastKnownFileType = image.png; path = city.png; sourceTree = "<group>"; };
		B29D2FA917C878B600DC26A5 /* state.png */ = {isa = PBXFileReference; lastKnownFileType = image.png; path = state.png; sourceTree = "<group>"; };
		B29D2FAC17C8791500DC26A5 /* use_current_location_button-1.png */ = {isa = PBXFileReference; lastKnownFileType = image.png; path = "use_current_location_button-1.png"; sourceTree = "<group>"; };
		B29D2FAE17C87A7000DC26A5 /* instructions.png */ = {isa = PBXFileReference; lastKnownFileType = image.png; path = instructions.png; sourceTree = "<group>"; };
		B29D2FB017C87ADC00DC26A5 /* instructions-1.png */ = {isa = PBXFileReference; lastKnownFileType = image.png; path = "instructions-1.png"; sourceTree = "<group>"; };
		B29D2FB217C87BB600DC26A5 /* instructions-2.png */ = {isa = PBXFileReference; lastKnownFileType = image.png; path = "instructions-2.png"; sourceTree = "<group>"; };
		B2AE641D17C83EE40044D65F /* Beer.io.app */ = {isa = PBXFileReference; explicitFileType = wrapper.application; includeInIndex = 0; path = Beer.io.app; sourceTree = BUILT_PRODUCTS_DIR; };
		B2AE642017C83EE40044D65F /* UIKit.framework */ = {isa = PBXFileReference; lastKnownFileType = wrapper.framework; name = UIKit.framework; path = System/Library/Frameworks/UIKit.framework; sourceTree = SDKROOT; };
		B2AE642217C83EE40044D65F /* Foundation.framework */ = {isa = PBXFileReference; lastKnownFileType = wrapper.framework; name = Foundation.framework; path = System/Library/Frameworks/Foundation.framework; sourceTree = SDKROOT; };
		B2AE642417C83EE40044D65F /* CoreGraphics.framework */ = {isa = PBXFileReference; lastKnownFileType = wrapper.framework; name = CoreGraphics.framework; path = System/Library/Frameworks/CoreGraphics.framework; sourceTree = SDKROOT; };
		B2AE642817C83EE40044D65F /* Beer.io-Info.plist */ = {isa = PBXFileReference; lastKnownFileType = text.plist.xml; path = "Beer.io-Info.plist"; sourceTree = "<group>"; };
		B2AE642A17C83EE40044D65F /* en */ = {isa = PBXFileReference; lastKnownFileType = text.plist.strings; name = en; path = en.lproj/InfoPlist.strings; sourceTree = "<group>"; };
		B2AE642C17C83EE40044D65F /* main.m */ = {isa = PBXFileReference; lastKnownFileType = sourcecode.c.objc; path = main.m; sourceTree = "<group>"; };
		B2AE642E17C83EE40044D65F /* Beer.io-Prefix.pch */ = {isa = PBXFileReference; lastKnownFileType = sourcecode.c.h; path = "Beer.io-Prefix.pch"; sourceTree = "<group>"; };
		B2AE642F17C83EE40044D65F /* AppDelegate.h */ = {isa = PBXFileReference; lastKnownFileType = sourcecode.c.h; path = AppDelegate.h; sourceTree = "<group>"; };
		B2AE643017C83EE40044D65F /* AppDelegate.m */ = {isa = PBXFileReference; lastKnownFileType = sourcecode.c.objc; path = AppDelegate.m; sourceTree = "<group>"; };
		B2AE643217C83EE40044D65F /* Default.png */ = {isa = PBXFileReference; lastKnownFileType = image.png; path = Default.png; sourceTree = "<group>"; };
		B2AE643417C83EE40044D65F /* Default@2x.png */ = {isa = PBXFileReference; lastKnownFileType = image.png; path = "Default@2x.png"; sourceTree = "<group>"; };
		B2AE643617C83EE40044D65F /* Default-568h@2x.png */ = {isa = PBXFileReference; lastKnownFileType = image.png; path = "Default-568h@2x.png"; sourceTree = "<group>"; };
		B2AE643917C83EE40044D65F /* en */ = {isa = PBXFileReference; lastKnownFileType = file.storyboard; name = en; path = en.lproj/MainStoryboard.storyboard; sourceTree = "<group>"; };
		B2AE643B17C83EE40044D65F /* MasterViewController.h */ = {isa = PBXFileReference; lastKnownFileType = sourcecode.c.h; path = MasterViewController.h; sourceTree = "<group>"; };
		B2AE643C17C83EE40044D65F /* MasterViewController.m */ = {isa = PBXFileReference; lastKnownFileType = sourcecode.c.objc; path = MasterViewController.m; sourceTree = "<group>"; };
		B2AE643E17C83EE40044D65F /* DetailViewController.h */ = {isa = PBXFileReference; lastKnownFileType = sourcecode.c.h; path = DetailViewController.h; sourceTree = "<group>"; };
		B2AE643F17C83EE40044D65F /* DetailViewController.m */ = {isa = PBXFileReference; lastKnownFileType = sourcecode.c.objc; path = DetailViewController.m; sourceTree = "<group>"; };
		B2AE644617C83EE40044D65F /* Beer.ioTests.octest */ = {isa = PBXFileReference; explicitFileType = wrapper.cfbundle; includeInIndex = 0; path = Beer.ioTests.octest; sourceTree = BUILT_PRODUCTS_DIR; };
		B2AE644717C83EE40044D65F /* SenTestingKit.framework */ = {isa = PBXFileReference; lastKnownFileType = wrapper.framework; name = SenTestingKit.framework; path = Library/Frameworks/SenTestingKit.framework; sourceTree = DEVELOPER_DIR; };
		B2AE644F17C83EE40044D65F /* Beer.ioTests-Info.plist */ = {isa = PBXFileReference; lastKnownFileType = text.plist.xml; path = "Beer.ioTests-Info.plist"; sourceTree = "<group>"; };
		B2AE645117C83EE40044D65F /* en */ = {isa = PBXFileReference; lastKnownFileType = text.plist.strings; name = en; path = en.lproj/InfoPlist.strings; sourceTree = "<group>"; };
		B2AE645317C83EE40044D65F /* Beer_ioTests.h */ = {isa = PBXFileReference; lastKnownFileType = sourcecode.c.h; path = Beer_ioTests.h; sourceTree = "<group>"; };
		B2AE645417C83EE40044D65F /* Beer_ioTests.m */ = {isa = PBXFileReference; lastKnownFileType = sourcecode.c.objc; path = Beer_ioTests.m; sourceTree = "<group>"; };
		B2AE645E17C845300044D65F /* GoogleMaps.framework */ = {isa = PBXFileReference; lastKnownFileType = wrapper.framework; path = GoogleMaps.framework; sourceTree = "<group>"; };
		B2AE646017C845650044D65F /* GoogleMaps.bundle */ = {isa = PBXFileReference; lastKnownFileType = "wrapper.plug-in"; name = GoogleMaps.bundle; path = GoogleMaps.framework/Versions/A/Resources/GoogleMaps.bundle; sourceTree = "<group>"; };
		B2AE646217C845F30044D65F /* AVFoundation.framework */ = {isa = PBXFileReference; lastKnownFileType = wrapper.framework; name = AVFoundation.framework; path = System/Library/Frameworks/AVFoundation.framework; sourceTree = SDKROOT; };
		B2AE646317C845F30044D65F /* CoreData.framework */ = {isa = PBXFileReference; lastKnownFileType = wrapper.framework; name = CoreData.framework; path = System/Library/Frameworks/CoreData.framework; sourceTree = SDKROOT; };
		B2AE646417C845F30044D65F /* CoreText.framework */ = {isa = PBXFileReference; lastKnownFileType = wrapper.framework; name = CoreText.framework; path = System/Library/Frameworks/CoreText.framework; sourceTree = SDKROOT; };
		B2AE646517C845F30044D65F /* GLKit.framework */ = {isa = PBXFileReference; lastKnownFileType = wrapper.framework; name = GLKit.framework; path = System/Library/Frameworks/GLKit.framework; sourceTree = SDKROOT; };
		B2AE646617C845F30044D65F /* ImageIO.framework */ = {isa = PBXFileReference; lastKnownFileType = wrapper.framework; name = ImageIO.framework; path = System/Library/Frameworks/ImageIO.framework; sourceTree = SDKROOT; };
		B2AE646717C845F30044D65F /* libc++.dylib */ = {isa = PBXFileReference; lastKnownFileType = "compiled.mach-o.dylib"; name = "libc++.dylib"; path = "usr/lib/libc++.dylib"; sourceTree = SDKROOT; };
		B2AE646817C845F30044D65F /* libicucore.dylib */ = {isa = PBXFileReference; lastKnownFileType = "compiled.mach-o.dylib"; name = libicucore.dylib; path = usr/lib/libicucore.dylib; sourceTree = SDKROOT; };
		B2AE646917C845F30044D65F /* libz.dylib */ = {isa = PBXFileReference; lastKnownFileType = "compiled.mach-o.dylib"; name = libz.dylib; path = usr/lib/libz.dylib; sourceTree = SDKROOT; };
		B2AE646A17C845F30044D65F /* OpenGLES.framework */ = {isa = PBXFileReference; lastKnownFileType = wrapper.framework; name = OpenGLES.framework; path = System/Library/Frameworks/OpenGLES.framework; sourceTree = SDKROOT; };
		B2AE646B17C845F30044D65F /* QuartzCore.framework */ = {isa = PBXFileReference; lastKnownFileType = wrapper.framework; name = QuartzCore.framework; path = System/Library/Frameworks/QuartzCore.framework; sourceTree = SDKROOT; };
		B2AE646C17C845F30044D65F /* SystemConfiguration.framework */ = {isa = PBXFileReference; lastKnownFileType = wrapper.framework; name = SystemConfiguration.framework; path = System/Library/Frameworks/SystemConfiguration.framework; sourceTree = SDKROOT; };
		F7BCE09417C840ED00368C30 /* berr.io_logo_reg.png */ = {isa = PBXFileReference; lastKnownFileType = image.png; path = berr.io_logo_reg.png; sourceTree = "<group>"; };
		F7BCE09717C8412300368C30 /* berr.io_logo_retina.png */ = {isa = PBXFileReference; lastKnownFileType = image.png; path = berr.io_logo_retina.png; sourceTree = "<group>"; };
		F7DF075617C84A6500E2B8BF /* Default-Portrait~ipad.png */ = {isa = PBXFileReference; lastKnownFileType = image.png; path = "Default-Portrait~ipad.png"; sourceTree = "<group>"; };
		F7DF075817C84C5D00E2B8BF /* Default-Portrait@2x~ipad.png */ = {isa = PBXFileReference; lastKnownFileType = image.png; path = "Default-Portrait@2x~ipad.png"; sourceTree = "<group>"; };
		F7DF075A17C84C6300E2B8BF /* Default-Landscape~ipad.png */ = {isa = PBXFileReference; lastKnownFileType = image.png; path = "Default-Landscape~ipad.png"; sourceTree = "<group>"; };
		F7DF075C17C84C6500E2B8BF /* Default-Landscape@2x~ipad.png */ = {isa = PBXFileReference; lastKnownFileType = image.png; path = "Default-Landscape@2x~ipad.png"; sourceTree = "<group>"; };
		F7DF075E17C84DAB00E2B8BF /* CoreLocation.framework */ = {isa = PBXFileReference; lastKnownFileType = wrapper.framework; name = CoreLocation.framework; path = System/Library/Frameworks/CoreLocation.framework; sourceTree = SDKROOT; };
		F7DF076717C8ADD400E2B8BF /* marker.png */ = {isa = PBXFileReference; lastKnownFileType = image.png; path = marker.png; sourceTree = "<group>"; };
		F7DF076D17C8C76800E2B8BF /* backgroung.png */ = {isa = PBXFileReference; lastKnownFileType = image.png; path = backgroung.png; sourceTree = "<group>"; };
		FF38723C17C85BA700D95498 /* brewerydbconnect.h */ = {isa = PBXFileReference; fileEncoding = 4; lastKnownFileType = sourcecode.c.h; name = brewerydbconnect.h; path = ../brewerydbconnect.h; sourceTree = "<group>"; };
		FF38723D17C85BA700D95498 /* brewerydbconnect.m */ = {isa = PBXFileReference; fileEncoding = 4; lastKnownFileType = sourcecode.c.objc; name = brewerydbconnect.m; path = ../brewerydbconnect.m; sourceTree = "<group>"; };
/* End PBXFileReference section */

/* Begin PBXFrameworksBuildPhase section */
		B2AE641A17C83EE40044D65F /* Frameworks */ = {
			isa = PBXFrameworksBuildPhase;
			buildActionMask = 2147483647;
			files = (
				F7DF075F17C84DAB00E2B8BF /* CoreLocation.framework in Frameworks */,
				B2AE646D17C845F30044D65F /* AVFoundation.framework in Frameworks */,
				B2AE646E17C845F30044D65F /* CoreData.framework in Frameworks */,
				B2AE646F17C845F30044D65F /* CoreText.framework in Frameworks */,
				B2AE647017C845F30044D65F /* GLKit.framework in Frameworks */,
				B2AE647117C845F30044D65F /* ImageIO.framework in Frameworks */,
				B2AE647217C845F30044D65F /* libc++.dylib in Frameworks */,
				B2AE647317C845F30044D65F /* libicucore.dylib in Frameworks */,
				B2AE647417C845F30044D65F /* libz.dylib in Frameworks */,
				B2AE647517C845F30044D65F /* OpenGLES.framework in Frameworks */,
				B2AE647617C845F30044D65F /* QuartzCore.framework in Frameworks */,
				B2AE647717C845F30044D65F /* SystemConfiguration.framework in Frameworks */,
				B2AE642117C83EE40044D65F /* UIKit.framework in Frameworks */,
				B2AE642317C83EE40044D65F /* Foundation.framework in Frameworks */,
				B2AE642517C83EE40044D65F /* CoreGraphics.framework in Frameworks */,
				B2AE645F17C845300044D65F /* GoogleMaps.framework in Frameworks */,
			);
			runOnlyForDeploymentPostprocessing = 0;
		};
		B2AE644217C83EE40044D65F /* Frameworks */ = {
			isa = PBXFrameworksBuildPhase;
			buildActionMask = 2147483647;
			files = (
				B2AE644817C83EE40044D65F /* SenTestingKit.framework in Frameworks */,
				B2AE644917C83EE40044D65F /* UIKit.framework in Frameworks */,
				B2AE644A17C83EE40044D65F /* Foundation.framework in Frameworks */,
			);
			runOnlyForDeploymentPostprocessing = 0;
		};
/* End PBXFrameworksBuildPhase section */

/* Begin PBXGroup section */
		B2AE641417C83EE40044D65F = {
			isa = PBXGroup;
			children = (
				B289902817C8A0E000394537 /* city_state.png */,
				B29D2FB217C87BB600DC26A5 /* instructions-2.png */,
				B29D2FB017C87ADC00DC26A5 /* instructions-1.png */,
				B29D2FAE17C87A7000DC26A5 /* instructions.png */,
				B29D2FAC17C8791500DC26A5 /* use_current_location_button-1.png */,
				F7DF076D17C8C76800E2B8BF /* backgroung.png */,
				F7DF076717C8ADD400E2B8BF /* marker.png */,
				B29D2FA817C878B600DC26A5 /* city.png */,
				B29D2FA917C878B600DC26A5 /* state.png */,
				B29D2FA617C8659100DC26A5 /* search_button.png */,
				B29D2FA317C8644200DC26A5 /* logo_small-1.png */,
				F7DF075E17C84DAB00E2B8BF /* CoreLocation.framework */,
				F7DF075C17C84C6500E2B8BF /* Default-Landscape@2x~ipad.png */,
				F7DF075A17C84C6300E2B8BF /* Default-Landscape~ipad.png */,
				F7DF075817C84C5D00E2B8BF /* Default-Portrait@2x~ipad.png */,
				F7DF075617C84A6500E2B8BF /* Default-Portrait~ipad.png */,
				B2AE646217C845F30044D65F /* AVFoundation.framework */,
				B2AE646317C845F30044D65F /* CoreData.framework */,
				B2AE646417C845F30044D65F /* CoreText.framework */,
				B2AE646517C845F30044D65F /* GLKit.framework */,
				B2AE646617C845F30044D65F /* ImageIO.framework */,
				B2AE646717C845F30044D65F /* libc++.dylib */,
				B2AE646817C845F30044D65F /* libicucore.dylib */,
				B2AE646917C845F30044D65F /* libz.dylib */,
				B2AE646A17C845F30044D65F /* OpenGLES.framework */,
				B2AE646B17C845F30044D65F /* QuartzCore.framework */,
				B2AE646C17C845F30044D65F /* SystemConfiguration.framework */,
				F7BCE09717C8412300368C30 /* berr.io_logo_retina.png */,
				F7BCE09417C840ED00368C30 /* berr.io_logo_reg.png */,
				B2AE642617C83EE40044D65F /* Beer.io */,
				B2AE644D17C83EE40044D65F /* Beer.ioTests */,
				B2AE641F17C83EE40044D65F /* Frameworks */,
				B2AE641E17C83EE40044D65F /* Products */,
			);
			sourceTree = "<group>";
		};
		B2AE641E17C83EE40044D65F /* Products */ = {
			isa = PBXGroup;
			children = (
				B2AE641D17C83EE40044D65F /* Beer.io.app */,
				B2AE644617C83EE40044D65F /* Beer.ioTests.octest */,
			);
			name = Products;
			sourceTree = "<group>";
		};
		B2AE641F17C83EE40044D65F /* Frameworks */ = {
			isa = PBXGroup;
			children = (
				B2AE646017C845650044D65F /* GoogleMaps.bundle */,
				B2AE645E17C845300044D65F /* GoogleMaps.framework */,
				B2AE642017C83EE40044D65F /* UIKit.framework */,
				B2AE642217C83EE40044D65F /* Foundation.framework */,
				B2AE642417C83EE40044D65F /* CoreGraphics.framework */,
				B2AE644717C83EE40044D65F /* SenTestingKit.framework */,
			);
			name = Frameworks;
			sourceTree = "<group>";
		};
		B2AE642617C83EE40044D65F /* Beer.io */ = {
			isa = PBXGroup;
			children = (
				B289902C17C8C11F00394537 /* BreweryDetailsViewController.h */,
				B289902D17C8C11F00394537 /* BreweryDetailsViewController.m */,
				FF38723C17C85BA700D95498 /* brewerydbconnect.h */,
				FF38723D17C85BA700D95498 /* brewerydbconnect.m */,
				B2AE642F17C83EE40044D65F /* AppDelegate.h */,
				B2AE643017C83EE40044D65F /* AppDelegate.m */,
				B2AE643817C83EE40044D65F /* MainStoryboard.storyboard */,
				B2AE643B17C83EE40044D65F /* MasterViewController.h */,
				B2AE643C17C83EE40044D65F /* MasterViewController.m */,
				B2AE643E17C83EE40044D65F /* DetailViewController.h */,
				B2AE643F17C83EE40044D65F /* DetailViewController.m */,
				B2AE642717C83EE40044D65F /* Supporting Files */,
				B29D2F9F17C8641700DC26A5 /* LandingViewController.h */,
				B29D2FA017C8641700DC26A5 /* LandingViewController.m */,
				B289902F17C8EFB300394537 /* BeerDetailViewController.h */,
				B289903017C8EFB300394537 /* BeerDetailViewController.m */,
			);
			path = Beer.io;
			sourceTree = "<group>";
		};
		B2AE642717C83EE40044D65F /* Supporting Files */ = {
			isa = PBXGroup;
			children = (
				B2AE642817C83EE40044D65F /* Beer.io-Info.plist */,
				B2AE642917C83EE40044D65F /* InfoPlist.strings */,
				B2AE642C17C83EE40044D65F /* main.m */,
				B2AE642E17C83EE40044D65F /* Beer.io-Prefix.pch */,
				B2AE643217C83EE40044D65F /* Default.png */,
				B2AE643417C83EE40044D65F /* Default@2x.png */,
				B2AE643617C83EE40044D65F /* Default-568h@2x.png */,
			);
			name = "Supporting Files";
			sourceTree = "<group>";
		};
		B2AE644D17C83EE40044D65F /* Beer.ioTests */ = {
			isa = PBXGroup;
			children = (
				B2AE645317C83EE40044D65F /* Beer_ioTests.h */,
				B2AE645417C83EE40044D65F /* Beer_ioTests.m */,
				B2AE644E17C83EE40044D65F /* Supporting Files */,
			);
			path = Beer.ioTests;
			sourceTree = "<group>";
		};
		B2AE644E17C83EE40044D65F /* Supporting Files */ = {
			isa = PBXGroup;
			children = (
				B2AE644F17C83EE40044D65F /* Beer.ioTests-Info.plist */,
				B2AE645017C83EE40044D65F /* InfoPlist.strings */,
			);
			name = "Supporting Files";
			sourceTree = "<group>";
		};
/* End PBXGroup section */

/* Begin PBXNativeTarget section */
		B2AE641C17C83EE40044D65F /* Beer.io */ = {
			isa = PBXNativeTarget;
			buildConfigurationList = B2AE645817C83EE40044D65F /* Build configuration list for PBXNativeTarget "Beer.io" */;
			buildPhases = (
				B2AE641917C83EE40044D65F /* Sources */,
				B2AE641A17C83EE40044D65F /* Frameworks */,
				B2AE641B17C83EE40044D65F /* Resources */,
			);
			buildRules = (
			);
			dependencies = (
			);
			name = Beer.io;
			productName = Beer.io;
			productReference = B2AE641D17C83EE40044D65F /* Beer.io.app */;
			productType = "com.apple.product-type.application";
		};
		B2AE644517C83EE40044D65F /* Beer.ioTests */ = {
			isa = PBXNativeTarget;
			buildConfigurationList = B2AE645B17C83EE40044D65F /* Build configuration list for PBXNativeTarget "Beer.ioTests" */;
			buildPhases = (
				B2AE644117C83EE40044D65F /* Sources */,
				B2AE644217C83EE40044D65F /* Frameworks */,
				B2AE644317C83EE40044D65F /* Resources */,
				B2AE644417C83EE40044D65F /* ShellScript */,
			);
			buildRules = (
			);
			dependencies = (
				B2AE644C17C83EE40044D65F /* PBXTargetDependency */,
			);
			name = Beer.ioTests;
			productName = Beer.ioTests;
			productReference = B2AE644617C83EE40044D65F /* Beer.ioTests.octest */;
			productType = "com.apple.product-type.bundle";
		};
/* End PBXNativeTarget section */

/* Begin PBXProject section */
		B2AE641517C83EE40044D65F /* Project object */ = {
			isa = PBXProject;
			attributes = {
				LastUpgradeCheck = 0460;
				ORGANIZATIONNAME = "Tony Winters";
			};
			buildConfigurationList = B2AE641817C83EE40044D65F /* Build configuration list for PBXProject "Beer.io" */;
			compatibilityVersion = "Xcode 3.2";
			developmentRegion = English;
			hasScannedForEncodings = 0;
			knownRegions = (
				en,
			);
			mainGroup = B2AE641417C83EE40044D65F;
			productRefGroup = B2AE641E17C83EE40044D65F /* Products */;
			projectDirPath = "";
			projectRoot = "";
			targets = (
				B2AE641C17C83EE40044D65F /* Beer.io */,
				B2AE644517C83EE40044D65F /* Beer.ioTests */,
			);
		};
/* End PBXProject section */

/* Begin PBXResourcesBuildPhase section */
		B2AE641B17C83EE40044D65F /* Resources */ = {
			isa = PBXResourcesBuildPhase;
			buildActionMask = 2147483647;
			files = (
				B2AE642B17C83EE40044D65F /* InfoPlist.strings in Resources */,
				B2AE643317C83EE40044D65F /* Default.png in Resources */,
				B2AE643517C83EE40044D65F /* Default@2x.png in Resources */,
				B2AE643717C83EE40044D65F /* Default-568h@2x.png in Resources */,
				B2AE643A17C83EE40044D65F /* MainStoryboard.storyboard in Resources */,
				F7BCE09517C840ED00368C30 /* berr.io_logo_reg.png in Resources */,
				F7BCE09817C8412300368C30 /* berr.io_logo_retina.png in Resources */,
				B2AE646117C845650044D65F /* GoogleMaps.bundle in Resources */,
				F7DF075717C84A6500E2B8BF /* Default-Portrait~ipad.png in Resources */,
				F7DF075917C84C5D00E2B8BF /* Default-Portrait@2x~ipad.png in Resources */,
				F7DF075B17C84C6300E2B8BF /* Default-Landscape~ipad.png in Resources */,
				F7DF075D17C84C6500E2B8BF /* Default-Landscape@2x~ipad.png in Resources */,
				B29D2FA517C8644200DC26A5 /* logo_small-1.png in Resources */,
				B29D2FA717C8659100DC26A5 /* search_button.png in Resources */,
				B29D2FAA17C878B600DC26A5 /* city.png in Resources */,
				B29D2FAB17C878B600DC26A5 /* state.png in Resources */,
				B29D2FAD17C8791500DC26A5 /* use_current_location_button-1.png in Resources */,
				B29D2FAF17C87A7000DC26A5 /* instructions.png in Resources */,
				B29D2FB117C87ADC00DC26A5 /* instructions-1.png in Resources */,
				B29D2FB317C87BB600DC26A5 /* instructions-2.png in Resources */,
				B289902917C8A0E000394537 /* city_state.png in Resources */,
				F7DF076817C8ADD400E2B8BF /* marker.png in Resources */,
				F7DF076E17C8C76800E2B8BF /* backgroung.png in Resources */,
			);
			runOnlyForDeploymentPostprocessing = 0;
		};
		B2AE644317C83EE40044D65F /* Resources */ = {
			isa = PBXResourcesBuildPhase;
			buildActionMask = 2147483647;
			files = (
				B2AE645217C83EE40044D65F /* InfoPlist.strings in Resources */,
			);
			runOnlyForDeploymentPostprocessing = 0;
		};
/* End PBXResourcesBuildPhase section */

/* Begin PBXShellScriptBuildPhase section */
		B2AE644417C83EE40044D65F /* ShellScript */ = {
			isa = PBXShellScriptBuildPhase;
			buildActionMask = 2147483647;
			files = (
			);
			inputPaths = (
			);
			outputPaths = (
			);
			runOnlyForDeploymentPostprocessing = 0;
			shellPath = /bin/sh;
			shellScript = "# Run the unit tests in this test bundle.\n\"${SYSTEM_DEVELOPER_DIR}/Tools/RunUnitTests\"\n";
		};
/* End PBXShellScriptBuildPhase section */

/* Begin PBXSourcesBuildPhase section */
		B2AE641917C83EE40044D65F /* Sources */ = {
			isa = PBXSourcesBuildPhase;
			buildActionMask = 2147483647;
			files = (
				B2AE642D17C83EE40044D65F /* main.m in Sources */,
				B2AE643117C83EE40044D65F /* AppDelegate.m in Sources */,
				B2AE643D17C83EE40044D65F /* MasterViewController.m in Sources */,
				B2AE644017C83EE40044D65F /* DetailViewController.m in Sources */,
				FF38723E17C85BA700D95498 /* brewerydbconnect.m in Sources */,
				B29D2FA117C8641700DC26A5 /* LandingViewController.m in Sources */,
				B289902E17C8C11F00394537 /* BreweryDetailsViewController.m in Sources */,
				B289903117C8EFB300394537 /* BeerDetailViewController.m in Sources */,
			);
			runOnlyForDeploymentPostprocessing = 0;
		};
		B2AE644117C83EE40044D65F /* Sources */ = {
			isa = PBXSourcesBuildPhase;
			buildActionMask = 2147483647;
			files = (
				B2AE645517C83EE40044D65F /* Beer_ioTests.m in Sources */,
			);
			runOnlyForDeploymentPostprocessing = 0;
		};
/* End PBXSourcesBuildPhase section */

/* Begin PBXTargetDependency section */
		B2AE644C17C83EE40044D65F /* PBXTargetDependency */ = {
			isa = PBXTargetDependency;
			target = B2AE641C17C83EE40044D65F /* Beer.io */;
			targetProxy = B2AE644B17C83EE40044D65F /* PBXContainerItemProxy */;
		};
/* End PBXTargetDependency section */

/* Begin PBXVariantGroup section */
		B2AE642917C83EE40044D65F /* InfoPlist.strings */ = {
			isa = PBXVariantGroup;
			children = (
				B2AE642A17C83EE40044D65F /* en */,
			);
			name = InfoPlist.strings;
			sourceTree = "<group>";
		};
		B2AE643817C83EE40044D65F /* MainStoryboard.storyboard */ = {
			isa = PBXVariantGroup;
			children = (
				B2AE643917C83EE40044D65F /* en */,
			);
			name = MainStoryboard.storyboard;
			sourceTree = "<group>";
		};
		B2AE645017C83EE40044D65F /* InfoPlist.strings */ = {
			isa = PBXVariantGroup;
			children = (
				B2AE645117C83EE40044D65F /* en */,
			);
			name = InfoPlist.strings;
			sourceTree = "<group>";
		};
/* End PBXVariantGroup section */

/* Begin XCBuildConfiguration section */
		B2AE645617C83EE40044D65F /* Debug */ = {
			isa = XCBuildConfiguration;
			buildSettings = {
				ALWAYS_SEARCH_USER_PATHS = NO;
				ARCHS = armv7;
				CLANG_CXX_LANGUAGE_STANDARD = "gnu++0x";
				CLANG_CXX_LIBRARY = "libc++";
				CLANG_ENABLE_OBJC_ARC = YES;
				CLANG_WARN_CONSTANT_CONVERSION = YES;
				CLANG_WARN_EMPTY_BODY = YES;
				CLANG_WARN_ENUM_CONVERSION = YES;
				CLANG_WARN_INT_CONVERSION = YES;
				CLANG_WARN__DUPLICATE_METHOD_MATCH = YES;
				"CODE_SIGN_IDENTITY[sdk=iphoneos*]" = "iPhone Developer";
				COPY_PHASE_STRIP = NO;
				GCC_C_LANGUAGE_STANDARD = gnu99;
				GCC_DYNAMIC_NO_PIC = NO;
				GCC_OPTIMIZATION_LEVEL = 0;
				GCC_PREPROCESSOR_DEFINITIONS = (
					"DEBUG=1",
					"$(inherited)",
				);
				GCC_SYMBOLS_PRIVATE_EXTERN = NO;
				GCC_WARN_ABOUT_RETURN_TYPE = YES;
				GCC_WARN_UNINITIALIZED_AUTOS = YES;
				GCC_WARN_UNUSED_VARIABLE = YES;
				IPHONEOS_DEPLOYMENT_TARGET = 6.1;
				ONLY_ACTIVE_ARCH = YES;
				OTHER_LDFLAGS = "-ObjC";
				SDKROOT = iphoneos;
				TARGETED_DEVICE_FAMILY = 2;
			};
			name = Debug;
		};
		B2AE645717C83EE40044D65F /* Release */ = {
			isa = XCBuildConfiguration;
			buildSettings = {
				ALWAYS_SEARCH_USER_PATHS = NO;
				ARCHS = armv7;
				CLANG_CXX_LANGUAGE_STANDARD = "gnu++0x";
				CLANG_CXX_LIBRARY = "libc++";
				CLANG_ENABLE_OBJC_ARC = YES;
				CLANG_WARN_CONSTANT_CONVERSION = YES;
				CLANG_WARN_EMPTY_BODY = YES;
				CLANG_WARN_ENUM_CONVERSION = YES;
				CLANG_WARN_INT_CONVERSION = YES;
				CLANG_WARN__DUPLICATE_METHOD_MATCH = YES;
				"CODE_SIGN_IDENTITY[sdk=iphoneos*]" = "iPhone Developer";
				COPY_PHASE_STRIP = YES;
				GCC_C_LANGUAGE_STANDARD = gnu99;
				GCC_WARN_ABOUT_RETURN_TYPE = YES;
				GCC_WARN_UNINITIALIZED_AUTOS = YES;
				GCC_WARN_UNUSED_VARIABLE = YES;
				IPHONEOS_DEPLOYMENT_TARGET = 6.1;
				OTHER_CFLAGS = "-DNS_BLOCK_ASSERTIONS=1";
				OTHER_LDFLAGS = "-ObjC";
				SDKROOT = iphoneos;
				TARGETED_DEVICE_FAMILY = 2;
				VALIDATE_PRODUCT = YES;
			};
			name = Release;
		};
		B2AE645917C83EE40044D65F /* Debug */ = {
			isa = XCBuildConfiguration;
			buildSettings = {
				CODE_SIGN_IDENTITY = "iPhone Developer";
				"CODE_SIGN_IDENTITY[sdk=iphoneos*]" = "iPhone Developer: Tony Winters (2R2U3T6U3L)";
				FRAMEWORK_SEARCH_PATHS = (
					"$(inherited)",
					"\"$(SRCROOT)\"",
				);
				GCC_PRECOMPILE_PREFIX_HEADER = YES;
				GCC_PREFIX_HEADER = "Beer.io/Beer.io-Prefix.pch";
				INFOPLIST_FILE = "Beer.io/Beer.io-Info.plist";
				PRODUCT_NAME = "$(TARGET_NAME)";
				PROVISIONING_PROFILE = "";
				"PROVISIONING_PROFILE[sdk=iphoneos*]" = "";
				WRAPPER_EXTENSION = app;
			};
			name = Debug;
		};
		B2AE645A17C83EE40044D65F /* Release */ = {
			isa = XCBuildConfiguration;
			buildSettings = {
				CODE_SIGN_IDENTITY = "iPhone Distribution";
				"CODE_SIGN_IDENTITY[sdk=iphoneos*]" = "iPhone Distribution";
				FRAMEWORK_SEARCH_PATHS = (
					"$(inherited)",
					"\"$(SRCROOT)\"",
				);
				GCC_PRECOMPILE_PREFIX_HEADER = YES;
				GCC_PREFIX_HEADER = "Beer.io/Beer.io-Prefix.pch";
				INFOPLIST_FILE = "Beer.io/Beer.io-Info.plist";
				PRODUCT_NAME = "$(TARGET_NAME)";
				PROVISIONING_PROFILE = "";
				"PROVISIONING_PROFILE[sdk=iphoneos*]" = "";
				WRAPPER_EXTENSION = app;
			};
			name = Release;
		};
		B2AE645C17C83EE40044D65F /* Debug */ = {
			isa = XCBuildConfiguration;
			buildSettings = {
				BUNDLE_LOADER = "$(BUILT_PRODUCTS_DIR)/Beer.io.app/Beer.io";
				FRAMEWORK_SEARCH_PATHS = (
					"\"$(SDKROOT)/Developer/Library/Frameworks\"",
					"\"$(DEVELOPER_LIBRARY_DIR)/Frameworks\"",
				);
				GCC_PRECOMPILE_PREFIX_HEADER = YES;
				GCC_PREFIX_HEADER = "Beer.io/Beer.io-Prefix.pch";
				INFOPLIST_FILE = "Beer.ioTests/Beer.ioTests-Info.plist";
				PRODUCT_NAME = "$(TARGET_NAME)";
				TEST_HOST = "$(BUNDLE_LOADER)";
				WRAPPER_EXTENSION = octest;
			};
			name = Debug;
		};
		B2AE645D17C83EE40044D65F /* Release */ = {
			isa = XCBuildConfiguration;
			buildSettings = {
				BUNDLE_LOADER = "$(BUILT_PRODUCTS_DIR)/Beer.io.app/Beer.io";
				FRAMEWORK_SEARCH_PATHS = (
					"\"$(SDKROOT)/Developer/Library/Frameworks\"",
					"\"$(DEVELOPER_LIBRARY_DIR)/Frameworks\"",
				);
				GCC_PRECOMPILE_PREFIX_HEADER = YES;
				GCC_PREFIX_HEADER = "Beer.io/Beer.io-Prefix.pch";
				INFOPLIST_FILE = "Beer.ioTests/Beer.ioTests-Info.plist";
				PRODUCT_NAME = "$(TARGET_NAME)";
				TEST_HOST = "$(BUNDLE_LOADER)";
				WRAPPER_EXTENSION = octest;
			};
			name = Release;
		};
/* End XCBuildConfiguration section */

/* Begin XCConfigurationList section */
		B2AE641817C83EE40044D65F /* Build configuration list for PBXProject "Beer.io" */ = {
			isa = XCConfigurationList;
			buildConfigurations = (
				B2AE645617C83EE40044D65F /* Debug */,
				B2AE645717C83EE40044D65F /* Release */,
			);
			defaultConfigurationIsVisible = 0;
			defaultConfigurationName = Release;
		};
		B2AE645817C83EE40044D65F /* Build configuration list for PBXNativeTarget "Beer.io" */ = {
			isa = XCConfigurationList;
			buildConfigurations = (
				B2AE645917C83EE40044D65F /* Debug */,
				B2AE645A17C83EE40044D65F /* Release */,
			);
			defaultConfigurationIsVisible = 0;
			defaultConfigurationName = Release;
		};
		B2AE645B17C83EE40044D65F /* Build configuration list for PBXNativeTarget "Beer.ioTests" */ = {
			isa = XCConfigurationList;
			buildConfigurations = (
				B2AE645C17C83EE40044D65F /* Debug */,
				B2AE645D17C83EE40044D65F /* Release */,
			);
			defaultConfigurationIsVisible = 0;
			defaultConfigurationName = Release;
		};
/* End XCConfigurationList section */
	};
	rootObject = B2AE641517C83EE40044D65F /* Project object */;
}
